
Microsoft Visual Studio Solution File, Format Version 12.00
# Visual Studio Version 17
VisualStudioVersion = 17.3.32922.545
MinimumVisualStudioVersion = 10.0.40219.1
Project("{2150E333-8FDC-42A3-9474-1A3956D46DE8}") = "Backend", "Backend", "{56A89DCB-AC56-4B11-8C2D-AFA0D6612CA8}"
EndProject
Project("{2150E333-8FDC-42A3-9474-1A3956D46DE8}") = "Shared", "Shared", "{FC486058-6302-4FA6-A7C8-94C8698FB9E1}"
EndProject
Project("{2150E333-8FDC-42A3-9474-1A3956D46DE8}") = "Frontend", "Frontend", "{DE8EEDE2-F5C7-4875-9AF1-00BBEEF1F404}"
EndProject
Project("{9A19103F-16F7-4668-BE54-9A1E7A4F7556}") = "ATWSMF_SGUI_2022_23_2.Data", "Backend\ATWSMF_SGUI_2022_23_2.Data\ATWSMF_SGUI_2022_23_2.Data.csproj", "{5C9FD7BC-608F-48E6-90AC-AC114976DCFC}"
EndProject
Project("{9A19103F-16F7-4668-BE54-9A1E7A4F7556}") = "ATWSMF_SGUI_2022_23_2.Endpoint", "Backend\ATWSMF_SGUI_2022_23_2.Endpoint\ATWSMF_SGUI_2022_23_2.Endpoint.csproj", "{7F8159D2-FCC3-498F-9BB4-E48DF2DE8CD5}"
EndProject
Project("{9A19103F-16F7-4668-BE54-9A1E7A4F7556}") = "ATWSMF_SGUI_2022_23_2.Logic", "Backend\ATWSMF_SGUI_2022_23_2.Logic\ATWSMF_SGUI_2022_23_2.Logic.csproj", "{68CF29E6-355A-4A60-BBEC-EDD3AD3B776E}"
EndProject
Project("{9A19103F-16F7-4668-BE54-9A1E7A4F7556}") = "ATWSMF_SGUI_2022_23_2.Repository", "Backend\ATWSMF_SGUI_2022_23_2.Repository\ATWSMF_SGUI_2022_23_2.Repository.csproj", "{56EEF36F-0BCF-467A-8BF0-0EBCA143243A}"
EndProject
Project("{9A19103F-16F7-4668-BE54-9A1E7A4F7556}") = "ATWSMF_SGUI_2022_23_2.Test", "Backend\ATWSMF_SGUI_2022_23_2.Test\ATWSMF_SGUI_2022_23_2.Test.csproj", "{533A3EF0-0018-4B10-8E4B-5644D95CA13B}"
EndProject
Project("{9A19103F-16F7-4668-BE54-9A1E7A4F7556}") = "ATWSMF_SGUI_2022_23_2.Client", "Frontend\ATWSMF_SGUI_2022_23_2.Client\ATWSMF_SGUI_2022_23_2.Client.csproj", "{25FC22E4-7663-4774-8E6D-09C76BF79FC9}"
EndProject
Project("{9A19103F-16F7-4668-BE54-9A1E7A4F7556}") = "ATWSMF_SGUI_2022_23_2.Models", "Shared\ATWSMF_SGUI_2022_23_2.Models\ATWSMF_SGUI_2022_23_2.Models.csproj", "{9562B2AF-53B2-462D-800F-84B671706D5E}"
EndProject
Global
	GlobalSection(SolutionConfigurationPlatforms) = preSolution
		Debug|Any CPU = Debug|Any CPU
		Release|Any CPU = Release|Any CPU
	EndGlobalSection
	GlobalSection(ProjectConfigurationPlatforms) = postSolution
		{5C9FD7BC-608F-48E6-90AC-AC114976DCFC}.Debug|Any CPU.ActiveCfg = Debug|Any CPU
		{5C9FD7BC-608F-48E6-90AC-AC114976DCFC}.Debug|Any CPU.Build.0 = Debug|Any CPU
		{5C9FD7BC-608F-48E6-90AC-AC114976DCFC}.Release|Any CPU.ActiveCfg = Release|Any CPU
		{5C9FD7BC-608F-48E6-90AC-AC114976DCFC}.Release|Any CPU.Build.0 = Release|Any CPU
		{7F8159D2-FCC3-498F-9BB4-E48DF2DE8CD5}.Debug|Any CPU.ActiveCfg = Debug|Any CPU
		{7F8159D2-FCC3-498F-9BB4-E48DF2DE8CD5}.Debug|Any CPU.Build.0 = Debug|Any CPU
		{7F8159D2-FCC3-498F-9BB4-E48DF2DE8CD5}.Release|Any CPU.ActiveCfg = Release|Any CPU
		{7F8159D2-FCC3-498F-9BB4-E48DF2DE8CD5}.Release|Any CPU.Build.0 = Release|Any CPU
		{68CF29E6-355A-4A60-BBEC-EDD3AD3B776E}.Debug|Any CPU.ActiveCfg = Debug|Any CPU
		{68CF29E6-355A-4A60-BBEC-EDD3AD3B776E}.Debug|Any CPU.Build.0 = Debug|Any CPU
		{68CF29E6-355A-4A60-BBEC-EDD3AD3B776E}.Release|Any CPU.ActiveCfg = Release|Any CPU
		{68CF29E6-355A-4A60-BBEC-EDD3AD3B776E}.Release|Any CPU.Build.0 = Release|Any CPU
		{56EEF36F-0BCF-467A-8BF0-0EBCA143243A}.Debug|Any CPU.ActiveCfg = Debug|Any CPU
		{56EEF36F-0BCF-467A-8BF0-0EBCA143243A}.Debug|Any CPU.Build.0 = Debug|Any CPU
		{56EEF36F-0BCF-467A-8BF0-0EBCA143243A}.Release|Any CPU.ActiveCfg = Release|Any CPU
		{56EEF36F-0BCF-467A-8BF0-0EBCA143243A}.Release|Any CPU.Build.0 = Release|Any CPU
		{533A3EF0-0018-4B10-8E4B-5644D95CA13B}.Debug|Any CPU.ActiveCfg = Debug|Any CPU
		{533A3EF0-0018-4B10-8E4B-5644D95CA13B}.Debug|Any CPU.Build.0 = Debug|Any CPU
		{533A3EF0-0018-4B10-8E4B-5644D95CA13B}.Release|Any CPU.ActiveCfg = Release|Any CPU
		{533A3EF0-0018-4B10-8E4B-5644D95CA13B}.Release|Any CPU.Build.0 = Release|Any CPU
		{25FC22E4-7663-4774-8E6D-09C76BF79FC9}.Debug|Any CPU.ActiveCfg = Debug|Any CPU
		{25FC22E4-7663-4774-8E6D-09C76BF79FC9}.Debug|Any CPU.Build.0 = Debug|Any CPU
		{25FC22E4-7663-4774-8E6D-09C76BF79FC9}.Release|Any CPU.ActiveCfg = Release|Any CPU
		{25FC22E4-7663-4774-8E6D-09C76BF79FC9}.Release|Any CPU.Build.0 = Release|Any CPU
		{9562B2AF-53B2-462D-800F-84B671706D5E}.Debug|Any CPU.ActiveCfg = Debug|Any CPU
		{9562B2AF-53B2-462D-800F-84B671706D5E}.Debug|Any CPU.Build.0 = Debug|Any CPU
		{9562B2AF-53B2-462D-800F-84B671706D5E}.Release|Any CPU.ActiveCfg = Release|Any CPU
		{9562B2AF-53B2-462D-800F-84B671706D5E}.Release|Any CPU.Build.0 = Release|Any CPU
	EndGlobalSection
	GlobalSection(SolutionProperties) = preSolution
		HideSolutionNode = FALSE
	EndGlobalSection
	GlobalSection(NestedProjects) = preSolution
		{5C9FD7BC-608F-48E6-90AC-AC114976DCFC} = {56A89DCB-AC56-4B11-8C2D-AFA0D6612CA8}
		{7F8159D2-FCC3-498F-9BB4-E48DF2DE8CD5} = {56A89DCB-AC56-4B11-8C2D-AFA0D6612CA8}
		{68CF29E6-355A-4A60-BBEC-EDD3AD3B776E} = {56A89DCB-AC56-4B11-8C2D-AFA0D6612CA8}
		{56EEF36F-0BCF-467A-8BF0-0EBCA143243A} = {56A89DCB-AC56-4B11-8C2D-AFA0D6612CA8}
		{533A3EF0-0018-4B10-8E4B-5644D95CA13B} = {56A89DCB-AC56-4B11-8C2D-AFA0D6612CA8}
		{25FC22E4-7663-4774-8E6D-09C76BF79FC9} = {DE8EEDE2-F5C7-4875-9AF1-00BBEEF1F404}
		{9562B2AF-53B2-462D-800F-84B671706D5E} = {FC486058-6302-4FA6-A7C8-94C8698FB9E1}
	EndGlobalSection
	GlobalSection(ExtensibilityGlobals) = postSolution
		SolutionGuid = {ECD72FF4-75AB-4FE1-80EA-3D3B5A174ECE}
	EndGlobalSection
EndGlobal
