
Microsoft Visual Studio Solution File, Format Version 12.00
# Visual Studio Version 17
VisualStudioVersion = 17.3.32922.545
MinimumVisualStudioVersion = 10.0.40219.1
Project("{9A19103F-16F7-4668-BE54-9A1E7A4F7556}") = "ATWSMF_ADT_2022_23_1.Client", "ATWSMF_ADT_2022_23_1.Client\ATWSMF_ADT_2022_23_1.Client.csproj", "{25368BCD-3059-4EEF-A51A-C82F243DF0DE}"
EndProject
Project("{9A19103F-16F7-4668-BE54-9A1E7A4F7556}") = "ATWSMF_ADT_2022_23_1.Models", "ATWSMF_ADT_2022_23_1.Models\ATWSMF_ADT_2022_23_1.Models.csproj", "{88973DEC-D6FF-4474-A2D2-ECCB6A027E50}"
EndProject
Project("{9A19103F-16F7-4668-BE54-9A1E7A4F7556}") = "ATWSMF_ADT_2022_23_1.Data", "ATWSMF_ADT_2022_23_1.Data\ATWSMF_ADT_2022_23_1.Data.csproj", "{9CFACFF6-08C8-41C2-BD3F-5C8E245D6696}"
EndProject
Project("{9A19103F-16F7-4668-BE54-9A1E7A4F7556}") = "ATWSMF_ADT_2022_23_1.Logic", "ATWSMF_ADT_2022_23_1.Logic\ATWSMF_ADT_2022_23_1.Logic.csproj", "{9223C3CF-3F19-4E65-9293-31D3BD9B3967}"
EndProject
Project("{9A19103F-16F7-4668-BE54-9A1E7A4F7556}") = "ATWSMF_ADT_2022_23_1.Repository", "ATWSMF_ADT_2022_23_1.Repository\ATWSMF_ADT_2022_23_1.Repository.csproj", "{455C7503-CE82-4A2F-83F7-6B456509D783}"
EndProject
Project("{9A19103F-16F7-4668-BE54-9A1E7A4F7556}") = "ATWSMF_ADT_2022_23_1.Endpoint", "ATWSMF_ADT_2022_23_1.Endpoint\ATWSMF_ADT_2022_23_1.Endpoint.csproj", "{D722BDD4-3B29-42F9-971F-022CFDA79A75}"
EndProject
Project("{9A19103F-16F7-4668-BE54-9A1E7A4F7556}") = "ATWSMF_ADT_2022_23_1.Test", "ATWSMF_ADT_2022_23_1.Test\ATWSMF_ADT_2022_23_1.Test.csproj", "{9BE5F95B-3771-4BD0-AC87-DFE77556C8F2}"
EndProject
Project("{2150E333-8FDC-42A3-9474-1A3956D46DE8}") = "Backend", "Backend", "{96791C42-1640-4189-BA20-A670B19A9969}"
EndProject
Project("{2150E333-8FDC-42A3-9474-1A3956D46DE8}") = "Frontend", "Frontend", "{C0FE4F2E-CA4F-4F98-9F76-4F06758D8781}"
EndProject
Project("{2150E333-8FDC-42A3-9474-1A3956D46DE8}") = "Shared", "Shared", "{8A921789-9F66-4B80-B677-68BF804418A5}"
EndProject
Global
	GlobalSection(SolutionConfigurationPlatforms) = preSolution
		Debug|Any CPU = Debug|Any CPU
		Release|Any CPU = Release|Any CPU
	EndGlobalSection
	GlobalSection(ProjectConfigurationPlatforms) = postSolution
		{25368BCD-3059-4EEF-A51A-C82F243DF0DE}.Debug|Any CPU.ActiveCfg = Debug|Any CPU
		{25368BCD-3059-4EEF-A51A-C82F243DF0DE}.Debug|Any CPU.Build.0 = Debug|Any CPU
		{25368BCD-3059-4EEF-A51A-C82F243DF0DE}.Release|Any CPU.ActiveCfg = Release|Any CPU
		{25368BCD-3059-4EEF-A51A-C82F243DF0DE}.Release|Any CPU.Build.0 = Release|Any CPU
		{88973DEC-D6FF-4474-A2D2-ECCB6A027E50}.Debug|Any CPU.ActiveCfg = Debug|Any CPU
		{88973DEC-D6FF-4474-A2D2-ECCB6A027E50}.Debug|Any CPU.Build.0 = Debug|Any CPU
		{88973DEC-D6FF-4474-A2D2-ECCB6A027E50}.Release|Any CPU.ActiveCfg = Release|Any CPU
		{88973DEC-D6FF-4474-A2D2-ECCB6A027E50}.Release|Any CPU.Build.0 = Release|Any CPU
		{9CFACFF6-08C8-41C2-BD3F-5C8E245D6696}.Debug|Any CPU.ActiveCfg = Debug|Any CPU
		{9CFACFF6-08C8-41C2-BD3F-5C8E245D6696}.Debug|Any CPU.Build.0 = Debug|Any CPU
		{9CFACFF6-08C8-41C2-BD3F-5C8E245D6696}.Release|Any CPU.ActiveCfg = Release|Any CPU
		{9CFACFF6-08C8-41C2-BD3F-5C8E245D6696}.Release|Any CPU.Build.0 = Release|Any CPU
		{9223C3CF-3F19-4E65-9293-31D3BD9B3967}.Debug|Any CPU.ActiveCfg = Debug|Any CPU
		{9223C3CF-3F19-4E65-9293-31D3BD9B3967}.Debug|Any CPU.Build.0 = Debug|Any CPU
		{9223C3CF-3F19-4E65-9293-31D3BD9B3967}.Release|Any CPU.ActiveCfg = Release|Any CPU
		{9223C3CF-3F19-4E65-9293-31D3BD9B3967}.Release|Any CPU.Build.0 = Release|Any CPU
		{455C7503-CE82-4A2F-83F7-6B456509D783}.Debug|Any CPU.ActiveCfg = Debug|Any CPU
		{455C7503-CE82-4A2F-83F7-6B456509D783}.Debug|Any CPU.Build.0 = Debug|Any CPU
		{455C7503-CE82-4A2F-83F7-6B456509D783}.Release|Any CPU.ActiveCfg = Release|Any CPU
		{455C7503-CE82-4A2F-83F7-6B456509D783}.Release|Any CPU.Build.0 = Release|Any CPU
		{D722BDD4-3B29-42F9-971F-022CFDA79A75}.Debug|Any CPU.ActiveCfg = Debug|Any CPU
		{D722BDD4-3B29-42F9-971F-022CFDA79A75}.Debug|Any CPU.Build.0 = Debug|Any CPU
		{D722BDD4-3B29-42F9-971F-022CFDA79A75}.Release|Any CPU.ActiveCfg = Release|Any CPU
		{D722BDD4-3B29-42F9-971F-022CFDA79A75}.Release|Any CPU.Build.0 = Release|Any CPU
		{9BE5F95B-3771-4BD0-AC87-DFE77556C8F2}.Debug|Any CPU.ActiveCfg = Debug|Any CPU
		{9BE5F95B-3771-4BD0-AC87-DFE77556C8F2}.Debug|Any CPU.Build.0 = Debug|Any CPU
		{9BE5F95B-3771-4BD0-AC87-DFE77556C8F2}.Release|Any CPU.ActiveCfg = Release|Any CPU
		{9BE5F95B-3771-4BD0-AC87-DFE77556C8F2}.Release|Any CPU.Build.0 = Release|Any CPU
	EndGlobalSection
	GlobalSection(SolutionProperties) = preSolution
		HideSolutionNode = FALSE
	EndGlobalSection
	GlobalSection(NestedProjects) = preSolution
		{25368BCD-3059-4EEF-A51A-C82F243DF0DE} = {C0FE4F2E-CA4F-4F98-9F76-4F06758D8781}
		{88973DEC-D6FF-4474-A2D2-ECCB6A027E50} = {8A921789-9F66-4B80-B677-68BF804418A5}
		{9CFACFF6-08C8-41C2-BD3F-5C8E245D6696} = {96791C42-1640-4189-BA20-A670B19A9969}
		{9223C3CF-3F19-4E65-9293-31D3BD9B3967} = {96791C42-1640-4189-BA20-A670B19A9969}
		{455C7503-CE82-4A2F-83F7-6B456509D783} = {96791C42-1640-4189-BA20-A670B19A9969}
		{D722BDD4-3B29-42F9-971F-022CFDA79A75} = {96791C42-1640-4189-BA20-A670B19A9969}
		{9BE5F95B-3771-4BD0-AC87-DFE77556C8F2} = {96791C42-1640-4189-BA20-A670B19A9969}
	EndGlobalSection
	GlobalSection(ExtensibilityGlobals) = postSolution
		SolutionGuid = {ECD72FF4-75AB-4FE1-80EA-3D3B5A174ECE}
	EndGlobalSection
EndGlobal
