
Microsoft Visual Studio Solution File, Format Version 12.00
# Visual Studio Version 17
VisualStudioVersion = 17.3.32922.545
MinimumVisualStudioVersion = 10.0.40219.1
Project("{9A19103F-16F7-4668-BE54-9A1E7A4F7556}") = "ATWSMF_ADT_2022_23_1.Models", "Shared\ATWSMF_ADT_2022_23_1.Models\ATWSMF_ADT_2022_23_1.Models.csproj", "{265D6387-D11A-4086-B937-AB7A95C621BE}"
EndProject
Project("{9A19103F-16F7-4668-BE54-9A1E7A4F7556}") = "ATWSMF_ADT_2022_23_1.Client", "Frontend\ATWSMF_ADT_2022_23_1.Client\ATWSMF_ADT_2022_23_1.Client.csproj", "{FBCF90BF-DF9A-427E-A5F7-14E95B0A9FA9}"
EndProject
Project("{9A19103F-16F7-4668-BE54-9A1E7A4F7556}") = "ATWSMF_ADT_2022_23_1.Data", "Backend\ATWSMF_ADT_2022_23_1.Data\ATWSMF_ADT_2022_23_1.Data.csproj", "{6FE09EFE-35E5-442A-9B26-18E88785BAB4}"
EndProject
Project("{9A19103F-16F7-4668-BE54-9A1E7A4F7556}") = "ATWSMF_ADT_2022_23_1.Endpoint", "Backend\ATWSMF_ADT_2022_23_1.Endpoint\ATWSMF_ADT_2022_23_1.Endpoint.csproj", "{386F0972-5475-4F6A-B128-1B7980A6D6BE}"
EndProject
Project("{9A19103F-16F7-4668-BE54-9A1E7A4F7556}") = "ATWSMF_ADT_2022_23_1.Logic", "Backend\ATWSMF_ADT_2022_23_1.Logic\ATWSMF_ADT_2022_23_1.Logic.csproj", "{1D752E27-B377-4FF7-B79A-372D1E207B7B}"
EndProject
Project("{9A19103F-16F7-4668-BE54-9A1E7A4F7556}") = "ATWSMF_ADT_2022_23_1.Repository", "Backend\ATWSMF_ADT_2022_23_1.Repository\ATWSMF_ADT_2022_23_1.Repository.csproj", "{142EDFC9-BBEA-41FD-B861-E5FA26FF4561}"
EndProject
Project("{9A19103F-16F7-4668-BE54-9A1E7A4F7556}") = "ATWSMF_ADT_2022_23_1.Test", "Backend\ATWSMF_ADT_2022_23_1.Test\ATWSMF_ADT_2022_23_1.Test.csproj", "{5EE6512B-0A12-4824-ACCE-1E2E2B599D2A}"
EndProject
Project("{2150E333-8FDC-42A3-9474-1A3956D46DE8}") = "Backend", "Backend", "{56A89DCB-AC56-4B11-8C2D-AFA0D6612CA8}"
EndProject
Project("{2150E333-8FDC-42A3-9474-1A3956D46DE8}") = "Shared", "Shared", "{FC486058-6302-4FA6-A7C8-94C8698FB9E1}"
EndProject
Project("{2150E333-8FDC-42A3-9474-1A3956D46DE8}") = "Frontend", "Frontend", "{DE8EEDE2-F5C7-4875-9AF1-00BBEEF1F404}"
EndProject
Global
	GlobalSection(SolutionConfigurationPlatforms) = preSolution
		Debug|Any CPU = Debug|Any CPU
		Release|Any CPU = Release|Any CPU
	EndGlobalSection
	GlobalSection(ProjectConfigurationPlatforms) = postSolution
		{265D6387-D11A-4086-B937-AB7A95C621BE}.Debug|Any CPU.ActiveCfg = Debug|Any CPU
		{265D6387-D11A-4086-B937-AB7A95C621BE}.Debug|Any CPU.Build.0 = Debug|Any CPU
		{265D6387-D11A-4086-B937-AB7A95C621BE}.Release|Any CPU.ActiveCfg = Release|Any CPU
		{265D6387-D11A-4086-B937-AB7A95C621BE}.Release|Any CPU.Build.0 = Release|Any CPU
		{FBCF90BF-DF9A-427E-A5F7-14E95B0A9FA9}.Debug|Any CPU.ActiveCfg = Debug|Any CPU
		{FBCF90BF-DF9A-427E-A5F7-14E95B0A9FA9}.Debug|Any CPU.Build.0 = Debug|Any CPU
		{FBCF90BF-DF9A-427E-A5F7-14E95B0A9FA9}.Release|Any CPU.ActiveCfg = Release|Any CPU
		{FBCF90BF-DF9A-427E-A5F7-14E95B0A9FA9}.Release|Any CPU.Build.0 = Release|Any CPU
		{6FE09EFE-35E5-442A-9B26-18E88785BAB4}.Debug|Any CPU.ActiveCfg = Debug|Any CPU
		{6FE09EFE-35E5-442A-9B26-18E88785BAB4}.Debug|Any CPU.Build.0 = Debug|Any CPU
		{6FE09EFE-35E5-442A-9B26-18E88785BAB4}.Release|Any CPU.ActiveCfg = Release|Any CPU
		{6FE09EFE-35E5-442A-9B26-18E88785BAB4}.Release|Any CPU.Build.0 = Release|Any CPU
		{386F0972-5475-4F6A-B128-1B7980A6D6BE}.Debug|Any CPU.ActiveCfg = Debug|Any CPU
		{386F0972-5475-4F6A-B128-1B7980A6D6BE}.Debug|Any CPU.Build.0 = Debug|Any CPU
		{386F0972-5475-4F6A-B128-1B7980A6D6BE}.Release|Any CPU.ActiveCfg = Release|Any CPU
		{386F0972-5475-4F6A-B128-1B7980A6D6BE}.Release|Any CPU.Build.0 = Release|Any CPU
		{1D752E27-B377-4FF7-B79A-372D1E207B7B}.Debug|Any CPU.ActiveCfg = Debug|Any CPU
		{1D752E27-B377-4FF7-B79A-372D1E207B7B}.Debug|Any CPU.Build.0 = Debug|Any CPU
		{1D752E27-B377-4FF7-B79A-372D1E207B7B}.Release|Any CPU.ActiveCfg = Release|Any CPU
		{1D752E27-B377-4FF7-B79A-372D1E207B7B}.Release|Any CPU.Build.0 = Release|Any CPU
		{142EDFC9-BBEA-41FD-B861-E5FA26FF4561}.Debug|Any CPU.ActiveCfg = Debug|Any CPU
		{142EDFC9-BBEA-41FD-B861-E5FA26FF4561}.Debug|Any CPU.Build.0 = Debug|Any CPU
		{142EDFC9-BBEA-41FD-B861-E5FA26FF4561}.Release|Any CPU.ActiveCfg = Release|Any CPU
		{142EDFC9-BBEA-41FD-B861-E5FA26FF4561}.Release|Any CPU.Build.0 = Release|Any CPU
		{5EE6512B-0A12-4824-ACCE-1E2E2B599D2A}.Debug|Any CPU.ActiveCfg = Debug|Any CPU
		{5EE6512B-0A12-4824-ACCE-1E2E2B599D2A}.Debug|Any CPU.Build.0 = Debug|Any CPU
		{5EE6512B-0A12-4824-ACCE-1E2E2B599D2A}.Release|Any CPU.ActiveCfg = Release|Any CPU
		{5EE6512B-0A12-4824-ACCE-1E2E2B599D2A}.Release|Any CPU.Build.0 = Release|Any CPU
	EndGlobalSection
	GlobalSection(SolutionProperties) = preSolution
		HideSolutionNode = FALSE
	EndGlobalSection
	GlobalSection(NestedProjects) = preSolution
		{265D6387-D11A-4086-B937-AB7A95C621BE} = {FC486058-6302-4FA6-A7C8-94C8698FB9E1}
		{FBCF90BF-DF9A-427E-A5F7-14E95B0A9FA9} = {DE8EEDE2-F5C7-4875-9AF1-00BBEEF1F404}
		{6FE09EFE-35E5-442A-9B26-18E88785BAB4} = {56A89DCB-AC56-4B11-8C2D-AFA0D6612CA8}
		{386F0972-5475-4F6A-B128-1B7980A6D6BE} = {56A89DCB-AC56-4B11-8C2D-AFA0D6612CA8}
		{1D752E27-B377-4FF7-B79A-372D1E207B7B} = {56A89DCB-AC56-4B11-8C2D-AFA0D6612CA8}
		{142EDFC9-BBEA-41FD-B861-E5FA26FF4561} = {56A89DCB-AC56-4B11-8C2D-AFA0D6612CA8}
		{5EE6512B-0A12-4824-ACCE-1E2E2B599D2A} = {56A89DCB-AC56-4B11-8C2D-AFA0D6612CA8}
	EndGlobalSection
	GlobalSection(ExtensibilityGlobals) = postSolution
		SolutionGuid = {ECD72FF4-75AB-4FE1-80EA-3D3B5A174ECE}
	EndGlobalSection
EndGlobal
